
Microsoft Visual Studio Solution File, Format Version 12.00
# Visual Studio Version 17
VisualStudioVersion = 17.2.32616.157
MinimumVisualStudioVersion = 10.0.40219.1
Project("{FAE04EC0-301F-11D3-BF4B-00C04F79EFBC}") = "BookStore", "BookStore\BookStore.csproj", "{8664B5C4-83B6-432D-81B8-B93D08C52052}"
EndProject
Global
	GlobalSection(SolutionConfigurationPlatforms) = preSolution
		Debug|Any CPU = Debug|Any CPU
		Release|Any CPU = Release|Any CPU
	EndGlobalSection
	GlobalSection(ProjectConfigurationPlatforms) = postSolution
		{8664B5C4-83B6-432D-81B8-B93D08C52052}.Debug|Any CPU.ActiveCfg = Debug|Any CPU
		{8664B5C4-83B6-432D-81B8-B93D08C52052}.Debug|Any CPU.Build.0 = Debug|Any CPU
		{8664B5C4-83B6-432D-81B8-B93D08C52052}.Release|Any CPU.ActiveCfg = Release|Any CPU
		{8664B5C4-83B6-432D-81B8-B93D08C52052}.Release|Any CPU.Build.0 = Release|Any CPU
	EndGlobalSection
	GlobalSection(SolutionProperties) = preSolution
		HideSolutionNode = FALSE
	EndGlobalSection
	GlobalSection(ExtensibilityGlobals) = postSolution
		SolutionGuid = {C67E4549-5531-479B-A160-8B7FF9654555}
	EndGlobalSection
EndGlobal
